// !$*UTF8*$!
{
	archiveVersion = 1;
	classes = {
	};
	objectVersion = 46;
	objects = {

/* Begin PBXBuildFile section */
		943D4F231EC707FB00ABC13F /* AppDelegate.swift in Sources */ = {isa = PBXBuildFile; fileRef = 943D4F221EC707FB00ABC13F /* AppDelegate.swift */; };
		943D4F251EC707FB00ABC13F /* ViewController.swift in Sources */ = {isa = PBXBuildFile; fileRef = 943D4F241EC707FB00ABC13F /* ViewController.swift */; };
		943D4F281EC707FB00ABC13F /* Main.storyboard in Resources */ = {isa = PBXBuildFile; fileRef = 943D4F261EC707FB00ABC13F /* Main.storyboard */; };
		943D4F2A1EC707FB00ABC13F /* Assets.xcassets in Resources */ = {isa = PBXBuildFile; fileRef = 943D4F291EC707FB00ABC13F /* Assets.xcassets */; };
		943D4F2D1EC707FB00ABC13F /* LaunchScreen.storyboard in Resources */ = {isa = PBXBuildFile; fileRef = 943D4F2B1EC707FB00ABC13F /* LaunchScreen.storyboard */; };
/* End PBXBuildFile section */

/* Begin PBXFileReference section */
		943D4F1F1EC707FB00ABC13F /* Question1.app */ = {isa = PBXFileReference; explicitFileType = wrapper.application; includeInIndex = 0; path = Question1.app; sourceTree = BUILT_PRODUCTS_DIR; };
		943D4F221EC707FB00ABC13F /* AppDelegate.swift */ = {isa = PBXFileReference; lastKnownFileType = sourcecode.swift; path = AppDelegate.swift; sourceTree = "<group>"; };
		943D4F241EC707FB00ABC13F /* ViewController.swift */ = {isa = PBXFileReference; lastKnownFileType = sourcecode.swift; path = ViewController.swift; sourceTree = "<group>"; };
		943D4F271EC707FB00ABC13F /* Base */ = {isa = PBXFileReference; lastKnownFileType = file.storyboard; name = Base; path = Base.lproj/Main.storyboard; sourceTree = "<group>"; };
		943D4F291EC707FB00ABC13F /* Assets.xcassets */ = {isa = PBXFileReference; lastKnownFileType = folder.assetcatalog; path = Assets.xcassets; sourceTree = "<group>"; };
		943D4F2C1EC707FB00ABC13F /* Base */ = {isa = PBXFileReference; lastKnownFileType = file.storyboard; name = Base; path = Base.lproj/LaunchScreen.storyboard; sourceTree = "<group>"; };
		943D4F2E1EC707FB00ABC13F /* Info.plist */ = {isa = PBXFileReference; lastKnownFileType = text.plist.xml; path = Info.plist; sourceTree = "<group>"; };
/* End PBXFileReference section */

/* Begin PBXFrameworksBuildPhase section */
		943D4F1C1EC707FB00ABC13F /* Frameworks */ = {
			isa = PBXFrameworksBuildPhase;
			buildActionMask = 2147483647;
			files = (
			);
			runOnlyForDeploymentPostprocessing = 0;
		};
/* End PBXFrameworksBuildPhase section */

/* Begin PBXGroup section */
		943D4F161EC707FB00ABC13F = {
			isa = PBXGroup;
			children = (
				943D4F211EC707FB00ABC13F /* Question1 */,
				943D4F201EC707FB00ABC13F /* Products */,
			);
			sourceTree = "<group>";
		};
		943D4F201EC707FB00ABC13F /* Products */ = {
			isa = PBXGroup;
			children = (
				943D4F1F1EC707FB00ABC13F /* Question1.app */,
			);
			name = Products;
			sourceTree = "<group>";
		};
		943D4F211EC707FB00ABC13F /* Question1 */ = {
			isa = PBXGroup;
			children = (
				943D4F221EC707FB00ABC13F /* AppDelegate.swift */,
				943D4F241EC707FB00ABC13F /* ViewController.swift */,
				943D4F261EC707FB00ABC13F /* Main.storyboard */,
				943D4F291EC707FB00ABC13F /* Assets.xcassets */,
				943D4F2B1EC707FB00ABC13F /* LaunchScreen.storyboard */,
				943D4F2E1EC707FB00ABC13F /* Info.plist */,
			);
			path = Question1;
			sourceTree = "<group>";
		};
/* End PBXGroup section */

/* Begin PBXNativeTarget section */
		943D4F1E1EC707FB00ABC13F /* Question1 */ = {
			isa = PBXNativeTarget;
			buildConfigurationList = 943D4F311EC707FB00ABC13F /* Build configuration list for PBXNativeTarget "Question1" */;
			buildPhases = (
				943D4F1B1EC707FB00ABC13F /* Sources */,
				943D4F1C1EC707FB00ABC13F /* Frameworks */,
				943D4F1D1EC707FB00ABC13F /* Resources */,
			);
			buildRules = (
			);
			dependencies = (
			);
			name = Question1;
			productName = Question1;
			productReference = 943D4F1F1EC707FB00ABC13F /* Question1.app */;
			productType = "com.apple.product-type.application";
		};
/* End PBXNativeTarget section */

/* Begin PBXProject section */
		943D4F171EC707FB00ABC13F /* Project object */ = {
			isa = PBXProject;
			attributes = {
				LastSwiftUpdateCheck = 0830;
				LastUpgradeCheck = 0830;
				ORGANIZATIONNAME = Focus;
				TargetAttributes = {
					943D4F1E1EC707FB00ABC13F = {
						CreatedOnToolsVersion = 8.3.2;
						DevelopmentTeam = X66X3BGMSJ;
						ProvisioningStyle = Automatic;
					};
				};
			};
			buildConfigurationList = 943D4F1A1EC707FB00ABC13F /* Build configuration list for PBXProject "Question1" */;
			compatibilityVersion = "Xcode 3.2";
			developmentRegion = English;
			hasScannedForEncodings = 0;
			knownRegions = (
				en,
				Base,
			);
			mainGroup = 943D4F161EC707FB00ABC13F;
			productRefGroup = 943D4F201EC707FB00ABC13F /* Products */;
			projectDirPath = "";
			projectRoot = "";
			targets = (
				943D4F1E1EC707FB00ABC13F /* Question1 */,
			);
		};
/* End PBXProject section */

/* Begin PBXResourcesBuildPhase section */
		943D4F1D1EC707FB00ABC13F /* Resources */ = {
			isa = PBXResourcesBuildPhase;
			buildActionMask = 2147483647;
			files = (
				943D4F2D1EC707FB00ABC13F /* LaunchScreen.storyboard in Resources */,
				943D4F2A1EC707FB00ABC13F /* Assets.xcassets in Resources */,
				943D4F281EC707FB00ABC13F /* Main.storyboard in Resources */,
			);
			runOnlyForDeploymentPostprocessing = 0;
		};
/* End PBXResourcesBuildPhase section */

/* Begin PBXSourcesBuildPhase section */
		943D4F1B1EC707FB00ABC13F /* Sources */ = {
			isa = PBXSourcesBuildPhase;
			buildActionMask = 2147483647;
			files = (
				943D4F251EC707FB00ABC13F /* ViewController.swift in Sources */,
				943D4F231EC707FB00ABC13F /* AppDelegate.swift in Sources */,
			);
			runOnlyForDeploymentPostprocessing = 0;
		};
/* End PBXSourcesBuildPhase section */

/* Begin PBXVariantGroup section */
		943D4F261EC707FB00ABC13F /* Main.storyboard */ = {
			isa = PBXVariantGroup;
			children = (
				943D4F271EC707FB00ABC13F /* Base */,
			);
			name = Main.storyboard;
			sourceTree = "<group>";
		};
		943D4F2B1EC707FB00ABC13F /* LaunchScreen.storyboard */ = {
			isa = PBXVariantGroup;
			children = (
				943D4F2C1EC707FB00ABC13F /* Base */,
			);
			name = LaunchScreen.storyboard;
			sourceTree = "<group>";
		};
/* End PBXVariantGroup section */

/* Begin XCBuildConfiguration section */
		943D4F2F1EC707FB00ABC13F /* Debug */ = {
			isa = XCBuildConfiguration;
			buildSettings = {
				ALWAYS_SEARCH_USER_PATHS = NO;
				CLANG_ANALYZER_NONNULL = YES;
				CLANG_ANALYZER_NUMBER_OBJECT_CONVERSION = YES_AGGRESSIVE;
				CLANG_CXX_LANGUAGE_STANDARD = "gnu++0x";
				CLANG_CXX_LIBRARY = "libc++";
				CLANG_ENABLE_MODULES = YES;
				CLANG_ENABLE_OBJC_ARC = YES;
				CLANG_WARN_BOOL_CONVERSION = YES;
				CLANG_WARN_CONSTANT_CONVERSION = YES;
				CLANG_WARN_DIRECT_OBJC_ISA_USAGE = YES_ERROR;
				CLANG_WARN_DOCUMENTATION_COMMENTS = YES;
				CLANG_WARN_EMPTY_BODY = YES;
				CLANG_WARN_ENUM_CONVERSION = YES;
				CLANG_WARN_INFINITE_RECURSION = YES;
				CLANG_WARN_INT_CONVERSION = YES;
				CLANG_WARN_OBJC_ROOT_CLASS = YES_ERROR;
				CLANG_WARN_SUSPICIOUS_MOVE = YES;
				CLANG_WARN_UNREACHABLE_CODE = YES;
				CLANG_WARN__DUPLICATE_METHOD_MATCH = YES;
				"CODE_SIGN_IDENTITY[sdk=iphoneos*]" = "iPhone Developer";
				COPY_PHASE_STRIP = NO;
				DEBUG_INFORMATION_FORMAT = dwarf;
				ENABLE_STRICT_OBJC_MSGSEND = YES;
				ENABLE_TESTABILITY = YES;
				GCC_C_LANGUAGE_STANDARD = gnu99;
				GCC_DYNAMIC_NO_PIC = NO;
				GCC_NO_COMMON_BLOCKS = YES;
				GCC_OPTIMIZATION_LEVEL = 0;
				GCC_PREPROCESSOR_DEFINITIONS = (
					"DEBUG=1",
					"$(inherited)",
				);
				GCC_WARN_64_TO_32_BIT_CONVERSION = YES;
				GCC_WARN_ABOUT_RETURN_TYPE = YES_ERROR;
				GCC_WARN_UNDECLARED_SELECTOR = YES;
				GCC_WARN_UNINITIALIZED_AUTOS = YES_AGGRESSIVE;
				GCC_WARN_UNUSED_FUNCTION = YES;
				GCC_WARN_UNUSED_VARIABLE = YES;
				IPHONEOS_DEPLOYMENT_TARGET = 10.3;
				MTL_ENABLE_DEBUG_INFO = YES;
				ONLY_ACTIVE_ARCH = YES;
				SDKROOT = iphoneos;
				SWIFT_ACTIVE_COMPILATION_CONDITIONS = DEBUG;
				SWIFT_OPTIMIZATION_LEVEL = "-Onone";
			};
			name = Debug;
		};
		943D4F301EC707FB00ABC13F /* Release */ = {
			isa = XCBuildConfiguration;
			buildSettings = {
				ALWAYS_SEARCH_USER_PATHS = NO;
				CLANG_ANALYZER_NONNULL = YES;
				CLANG_ANALYZER_NUMBER_OBJECT_CONVERSION = YES_AGGRESSIVE;
				CLANG_CXX_LANGUAGE_STANDARD = "gnu++0x";
				CLANG_CXX_LIBRARY = "libc++";
				CLANG_ENABLE_MODULES = YES;
				CLANG_ENABLE_OBJC_ARC = YES;
				CLANG_WARN_BOOL_CONVERSION = YES;
				CLANG_WARN_CONSTANT_CONVERSION = YES;
				CLANG_WARN_DIRECT_OBJC_ISA_USAGE = YES_ERROR;
				CLANG_WARN_DOCUMENTATION_COMMENTS = YES;
				CLANG_WARN_EMPTY_BODY = YES;
				CLANG_WARN_ENUM_CONVERSION = YES;
				CLANG_WARN_INFINITE_RECURSION = YES;
				CLANG_WARN_INT_CONVERSION = YES;
				CLANG_WARN_OBJC_ROOT_CLASS = YES_ERROR;
				CLANG_WARN_SUSPICIOUS_MOVE = YES;
				CLANG_WARN_UNREACHABLE_CODE = YES;
				CLANG_WARN__DUPLICATE_METHOD_MATCH = YES;
				"CODE_SIGN_IDENTITY[sdk=iphoneos*]" = "iPhone Developer";
				COPY_PHASE_STRIP = NO;
				DEBUG_INFORMATION_FORMAT = "dwarf-with-dsym";
				ENABLE_NS_ASSERTIONS = NO;
				ENABLE_STRICT_OBJC_MSGSEND = YES;
				GCC_C_LANGUAGE_STANDARD = gnu99;
				GCC_NO_COMMON_BLOCKS = YES;
				GCC_WARN_64_TO_32_BIT_CONVERSION = YES;
				GCC_WARN_ABOUT_RETURN_TYPE = YES_ERROR;
				GCC_WARN_UNDECLARED_SELECTOR = YES;
				GCC_WARN_UNINITIALIZED_AUTOS = YES_AGGRESSIVE;
				GCC_WARN_UNUSED_FUNCTION = YES;
				GCC_WARN_UNUSED_VARIABLE = YES;
				IPHONEOS_DEPLOYMENT_TARGET = 10.3;
				MTL_ENABLE_DEBUG_INFO = NO;
				SDKROOT = iphoneos;
				SWIFT_OPTIMIZATION_LEVEL = "-Owholemodule";
				VALIDATE_PRODUCT = YES;
			};
			name = Release;
		};
		943D4F321EC707FB00ABC13F /* Debug */ = {
			isa = XCBuildConfiguration;
			buildSettings = {
				ASSETCATALOG_COMPILER_APPICON_NAME = AppIcon;
				DEVELOPMENT_TEAM = X66X3BGMSJ;
				INFOPLIST_FILE = Question1/Info.plist;
				LD_RUNPATH_SEARCH_PATHS = "$(inherited) @executable_path/Frameworks";
				PRODUCT_BUNDLE_IDENTIFIER = com.Focus.Question1;
				PRODUCT_NAME = "$(TARGET_NAME)";
				SWIFT_VERSION = 3.0;
			};
			name = Debug;
		};
		943D4F331EC707FB00ABC13F /* Release */ = {
			isa = XCBuildConfiguration;
			buildSettings = {
				ASSETCATALOG_COMPILER_APPICON_NAME = AppIcon;
				DEVELOPMENT_TEAM = X66X3BGMSJ;
				INFOPLIST_FILE = Question1/Info.plist;
				LD_RUNPATH_SEARCH_PATHS = "$(inherited) @executable_path/Frameworks";
				PRODUCT_BUNDLE_IDENTIFIER = com.Focus.Question1;
				PRODUCT_NAME = "$(TARGET_NAME)";
				SWIFT_VERSION = 3.0;
			};
			name = Release;
		};
/* End XCBuildConfiguration section */

/* Begin XCConfigurationList section */
		943D4F1A1EC707FB00ABC13F /* Build configuration list for PBXProject "Question1" */ = {
			isa = XCConfigurationList;
			buildConfigurations = (
				943D4F2F1EC707FB00ABC13F /* Debug */,
				943D4F301EC707FB00ABC13F /* Release */,
			);
			defaultConfigurationIsVisible = 0;
			defaultConfigurationName = Release;
		};
		943D4F311EC707FB00ABC13F /* Build configuration list for PBXNativeTarget "Question1" */ = {
			isa = XCConfigurationList;
			buildConfigurations = (
				943D4F321EC707FB00ABC13F /* Debug */,
				943D4F331EC707FB00ABC13F /* Release */,
			);
			defaultConfigurationIsVisible = 0;
		};
/* End XCConfigurationList section */
	};
	rootObject = 943D4F171EC707FB00ABC13F /* Project object */;
}
